// !$*UTF8*$!
{
	archiveVersion = 1;
	classes = {
	};
	objectVersion = 46;
	objects = {

/* Begin PBXBuildFile section */
		18046C9D1AD6B55500AD758D /* Main.storyboard in Resources */ = {isa = PBXBuildFile; fileRef = 18046C9B1AD6B55500AD758D /* Main.storyboard */; };
		18046C9F1AD6B55500AD758D /* Images.xcassets in Resources */ = {isa = PBXBuildFile; fileRef = 18046C9E1AD6B55500AD758D /* Images.xcassets */; };
		18046CA21AD6B55500AD758D /* LaunchScreen.xib in Resources */ = {isa = PBXBuildFile; fileRef = 18046CA01AD6B55500AD758D /* LaunchScreen.xib */; };
		18046CAE1AD6B55500AD758D /* PDPracticeDemoTests.m in Sources */ = {isa = PBXBuildFile; fileRef = 18046CAD1AD6B55500AD758D /* PDPracticeDemoTests.m */; };
		18046CC61AD6B81000AD758D /* CGRootNavigationController.m in Sources */ = {isa = PBXBuildFile; fileRef = 18046CC11AD6B81000AD758D /* CGRootNavigationController.m */; };
		18046CC71AD6B81000AD758D /* CGRootViewController.m in Sources */ = {isa = PBXBuildFile; fileRef = 18046CC31AD6B81000AD758D /* CGRootViewController.m */; };
		18046CC81AD6B81000AD758D /* CGTableViewController.m in Sources */ = {isa = PBXBuildFile; fileRef = 18046CC51AD6B81000AD758D /* CGTableViewController.m */; };
		18046CCD1AD6B82000AD758D /* AppDelegate.m in Sources */ = {isa = PBXBuildFile; fileRef = 18046CCA1AD6B82000AD758D /* AppDelegate.m */; };
		18046CCE1AD6B82000AD758D /* Info.plist in Resources */ = {isa = PBXBuildFile; fileRef = 18046CCB1AD6B82000AD758D /* Info.plist */; };
		18046CCF1AD6B82000AD758D /* main.m in Sources */ = {isa = PBXBuildFile; fileRef = 18046CCC1AD6B82000AD758D /* main.m */; };
		18046CD21AD6B8AA00AD758D /* CGTableViewDataSource.m in Sources */ = {isa = PBXBuildFile; fileRef = 18046CD11AD6B8AA00AD758D /* CGTableViewDataSource.m */; };
		18046CD61AD6B8F500AD758D /* HomeTableViewCell.m in Sources */ = {isa = PBXBuildFile; fileRef = 18046CD51AD6B8F500AD758D /* HomeTableViewCell.m */; };
		18046CD91AD6B91A00AD758D /* CGTableViewCell.m in Sources */ = {isa = PBXBuildFile; fileRef = 18046CD81AD6B91A00AD758D /* CGTableViewCell.m */; };
		18046CDB1AD6BD5F00AD758D /* QuartzCore.framework in Frameworks */ = {isa = PBXBuildFile; fileRef = 18046CDA1AD6BD5F00AD758D /* QuartzCore.framework */; };
		18046CDD1AD6BD6B00AD758D /* UIKit.framework in Frameworks */ = {isa = PBXBuildFile; fileRef = 18046CDC1AD6BD6B00AD758D /* UIKit.framework */; };
		18046CE11AD6BD7C00AD758D /* CoreFoundation.framework in Frameworks */ = {isa = PBXBuildFile; fileRef = 18046CE01AD6BD7C00AD758D /* CoreFoundation.framework */; };
		1867B42B1AE921AD006C4160 /* UIKitDemoViewController.m in Sources */ = {isa = PBXBuildFile; fileRef = 1867B42A1AE921AD006C4160 /* UIKitDemoViewController.m */; };
		1867B42F1AE92248006C4160 /* AutoLayoutTableViewController.m in Sources */ = {isa = PBXBuildFile; fileRef = 1867B42E1AE92248006C4160 /* AutoLayoutTableViewController.m */; };
		1867B4371AE92E23006C4160 /* car_001.jpg in Resources */ = {isa = PBXBuildFile; fileRef = 1867B4361AE92E23006C4160 /* car_001.jpg */; };
		18D415A41ADE9E12003F4423 /* BaseViewController.m in Sources */ = {isa = PBXBuildFile; fileRef = 18D415A31ADE9E12003F4423 /* BaseViewController.m */; };
		D60114BC1AF1CEC9000F9B84 /* CustomSegueViewController.m in Sources */ = {isa = PBXBuildFile; fileRef = D60114BB1AF1CEC9000F9B84 /* CustomSegueViewController.m */; };
		D6189DDF1AF9EBA0001C3E21 /* TestSessionViewController.m in Sources */ = {isa = PBXBuildFile; fileRef = D6189DDE1AF9EBA0001C3E21 /* TestSessionViewController.m */; };
		D6189DE31AF9F736001C3E21 /* TestCollectionViewController.m in Sources */ = {isa = PBXBuildFile; fileRef = D6189DE21AF9F736001C3E21 /* TestCollectionViewController.m */; };
		D61D918A1AF0B01C00A3AACF /* BoardingMapViewController.m in Sources */ = {isa = PBXBuildFile; fileRef = D61D91811AF0B01C00A3AACF /* BoardingMapViewController.m */; };
		D61D918B1AF0B01C00A3AACF /* VisualEffectViewController.m in Sources */ = {isa = PBXBuildFile; fileRef = D61D91841AF0B01C00A3AACF /* VisualEffectViewController.m */; };
		D61D918C1AF0B01C00A3AACF /* ProprietaryViewController.m in Sources */ = {isa = PBXBuildFile; fileRef = D61D91871AF0B01C00A3AACF /* ProprietaryViewController.m */; };
		D61D918D1AF0B01C00A3AACF /* CATableViewController.m in Sources */ = {isa = PBXBuildFile; fileRef = D61D91891AF0B01C00A3AACF /* CATableViewController.m */; };
		D62124EC1AF8BA8B008CFA72 /* DynamicsViewController.m in Sources */ = {isa = PBXBuildFile; fileRef = D62124EB1AF8BA8B008CFA72 /* DynamicsViewController.m */; };
		D62124EF1AF8C08A008CFA72 /* DynamicsViewController+AddView.m in Sources */ = {isa = PBXBuildFile; fileRef = D62124EE1AF8C08A008CFA72 /* DynamicsViewController+AddView.m */; };
		D63A937A1AEF2A9B0094B68E /* FoundionDemoListViewController.m in Sources */ = {isa = PBXBuildFile; fileRef = D63A93791AEF2A9B0094B68E /* FoundionDemoListViewController.m */; };
		D63A93811AEF2E9B0094B68E /* Key-Value-ObservingUseViewController.m in Sources */ = {isa = PBXBuildFile; fileRef = D63A93801AEF2E9B0094B68E /* Key-Value-ObservingUseViewController.m */; };
		D63A938E1AEF3E060094B68E /* EXTScope.m in Sources */ = {isa = PBXBuildFile; fileRef = D63A938C1AEF3E050094B68E /* EXTScope.m */; };
		D64B86621AEDD7E00052D250 /* LabelViewController.m in Sources */ = {isa = PBXBuildFile; fileRef = D64B86611AEDD7E00052D250 /* LabelViewController.m */; };
		D64B86651AEDD83A0052D250 /* UITextField+CreateAutoLayout.m in Sources */ = {isa = PBXBuildFile; fileRef = D64B86641AEDD83A0052D250 /* UITextField+CreateAutoLayout.m */; };
		D64B86681AEDD94D0052D250 /* UIView+CreateSubAutoLayout.m in Sources */ = {isa = PBXBuildFile; fileRef = D64B86671AEDD94D0052D250 /* UIView+CreateSubAutoLayout.m */; };
		D64B866A1AEDE1E70052D250 /* Reveal.framework in Frameworks */ = {isa = PBXBuildFile; fileRef = D64B86691AEDE1E70052D250 /* Reveal.framework */; };
		D64B866E1AEDE7F60052D250 /* CGBaseAutoLayoutView.m in Sources */ = {isa = PBXBuildFile; fileRef = D64B866D1AEDE7F60052D250 /* CGBaseAutoLayoutView.m */; };
		D64B86711AEDF5ED0052D250 /* CGTitleBaseView.m in Sources */ = {isa = PBXBuildFile; fileRef = D64B86701AEDF5ED0052D250 /* CGTitleBaseView.m */; };
		D64B86741AEDF67F0052D250 /* CGTitleTextField.m in Sources */ = {isa = PBXBuildFile; fileRef = D64B86731AEDF67F0052D250 /* CGTitleTextField.m */; };
		D64B86781AEDF81D0052D250 /* CGBaseTextField.m in Sources */ = {isa = PBXBuildFile; fileRef = D64B86771AEDF81D0052D250 /* CGBaseTextField.m */; };
		D64B867B1AEDFA4E0052D250 /* CGBaseLabel.m in Sources */ = {isa = PBXBuildFile; fileRef = D64B867A1AEDFA4E0052D250 /* CGBaseLabel.m */; };
		D64B867E1AEDFA740052D250 /* CGMultiLineLabel.m in Sources */ = {isa = PBXBuildFile; fileRef = D64B867D1AEDFA740052D250 /* CGMultiLineLabel.m */; };
		D64B86861AEE1E950052D250 /* SubCustomViewController.m in Sources */ = {isa = PBXBuildFile; fileRef = D64B86851AEE1E950052D250 /* SubCustomViewController.m */; };
		D67907F91AEDCFD1009CAC9B /* UILabel+CreateAutoLayout.m in Sources */ = {isa = PBXBuildFile; fileRef = D67907F81AEDCFD1009CAC9B /* UILabel+CreateAutoLayout.m */; };
		D67907FC1AEDD078009CAC9B /* UIButton+CreateAutoLayout.m in Sources */ = {isa = PBXBuildFile; fileRef = D67907FB1AEDD078009CAC9B /* UIButton+CreateAutoLayout.m */; };
		D67907FF1AEDD142009CAC9B /* UIImageView+CreateAutoLayout.m in Sources */ = {isa = PBXBuildFile; fileRef = D67907FE1AEDD142009CAC9B /* UIImageView+CreateAutoLayout.m */; };
		D6957B9A1AFB64DA005F4F79 /* CGSpringCollectionViewFlowLayout.m in Sources */ = {isa = PBXBuildFile; fileRef = D6957B991AFB64DA005F4F79 /* CGSpringCollectionViewFlowLayout.m */; };
		D6957B9D1AFB6C8F005F4F79 /* AreaEdge.m in Sources */ = {isa = PBXBuildFile; fileRef = D6957B9C1AFB6C8F005F4F79 /* AreaEdge.m */; };
		D6B1C17A1AFC566C00B17280 /* CGScrollView.m in Sources */ = {isa = PBXBuildFile; fileRef = D6B1C1791AFC566C00B17280 /* CGScrollView.m */; };
		D6B1C17D1AFC56A800B17280 /* CGTabScrollView.m in Sources */ = {isa = PBXBuildFile; fileRef = D6B1C17C1AFC56A800B17280 /* CGTabScrollView.m */; };
		D6B395E41AF71DAB00FC87BE /* CGPlaceholderTextView.m in Sources */ = {isa = PBXBuildFile; fileRef = D6B395E31AF71DAB00FC87BE /* CGPlaceholderTextView.m */; };
		D6B395E81AF7253500FC87BE /* CustomTextViewController.m in Sources */ = {isa = PBXBuildFile; fileRef = D6B395E71AF7253500FC87BE /* CustomTextViewController.m */; };
		D6BDBE3A1AF0B5BE000307CA /* TestObject.m in Sources */ = {isa = PBXBuildFile; fileRef = D6BDBE391AF0B5BE000307CA /* TestObject.m */; };
		D6EA12361AD76F25004F6D87 /* CGCropImage.m in Sources */ = {isa = PBXBuildFile; fileRef = D6EA12161AD76F25004F6D87 /* CGCropImage.m */; };
		D6EA12371AD76F25004F6D87 /* CGCropView.m in Sources */ = {isa = PBXBuildFile; fileRef = D6EA12181AD76F25004F6D87 /* CGCropView.m */; };
		D6EA12381AD76F25004F6D87 /* CGZoomImageView.m in Sources */ = {isa = PBXBuildFile; fileRef = D6EA121A1AD76F25004F6D87 /* CGZoomImageView.m */; };
		D6EA12391AD76F25004F6D87 /* CGAttributedPlaceholderLabel.m in Sources */ = {isa = PBXBuildFile; fileRef = D6EA121D1AD76F25004F6D87 /* CGAttributedPlaceholderLabel.m */; };
		D6EA123A1AD76F25004F6D87 /* CGPlaceholderLabel.m in Sources */ = {isa = PBXBuildFile; fileRef = D6EA121F1AD76F25004F6D87 /* CGPlaceholderLabel.m */; };
		D6EA123B1AD76F25004F6D87 /* CGTitleLabel.m in Sources */ = {isa = PBXBuildFile; fileRef = D6EA12211AD76F25004F6D87 /* CGTitleLabel.m */; };
		D6EA123C1AD76F25004F6D87 /* ALView+PureLayout.m in Sources */ = {isa = PBXBuildFile; fileRef = D6EA12241AD76F25004F6D87 /* ALView+PureLayout.m */; };
		D6EA123D1AD76F25004F6D87 /* NSArray+PureLayout.m in Sources */ = {isa = PBXBuildFile; fileRef = D6EA12261AD76F25004F6D87 /* NSArray+PureLayout.m */; };
		D6EA123E1AD76F25004F6D87 /* NSLayoutConstraint+PureLayout.m in Sources */ = {isa = PBXBuildFile; fileRef = D6EA12281AD76F25004F6D87 /* NSLayoutConstraint+PureLayout.m */; };
		D6EA123F1AD76F25004F6D87 /* README.md in Sources */ = {isa = PBXBuildFile; fileRef = D6EA122C1AD76F25004F6D87 /* README.md */; };
		D6EA12401AD76F25004F6D87 /* NSObject+AreaCalculate.m in Sources */ = {isa = PBXBuildFile; fileRef = D6EA122F1AD76F25004F6D87 /* NSObject+AreaCalculate.m */; };
		D6EA12411AD76F25004F6D87 /* UIColor+HexColor.m in Sources */ = {isa = PBXBuildFile; fileRef = D6EA12311AD76F25004F6D87 /* UIColor+HexColor.m */; };
		D6EA12421AD76F25004F6D87 /* UIView+AddLayoutConstraint.m in Sources */ = {isa = PBXBuildFile; fileRef = D6EA12331AD76F25004F6D87 /* UIView+AddLayoutConstraint.m */; };
		D6EA12431AD76F25004F6D87 /* UIView+Frame.m in Sources */ = {isa = PBXBuildFile; fileRef = D6EA12351AD76F25004F6D87 /* UIView+Frame.m */; };
		D6EA124A1AD77020004F6D87 /* ChangeApplicationLanguage.m in Sources */ = {isa = PBXBuildFile; fileRef = D6EA12491AD77020004F6D87 /* ChangeApplicationLanguage.m */; };
		D6EA124D1AD771E9004F6D87 /* HomeViewController.m in Sources */ = {isa = PBXBuildFile; fileRef = D6EA124C1AD771E9004F6D87 /* HomeViewController.m */; };
/* End PBXBuildFile section */

/* Begin PBXContainerItemProxy section */
		18046CA81AD6B55500AD758D /* PBXContainerItemProxy */ = {
			isa = PBXContainerItemProxy;
			containerPortal = 18046C861AD6B55500AD758D /* Project object */;
			proxyType = 1;
			remoteGlobalIDString = 18046C8D1AD6B55500AD758D;
			remoteInfo = PDPracticeDemo;
		};
/* End PBXContainerItemProxy section */

/* Begin PBXFileReference section */
		18046C8E1AD6B55500AD758D /* PDPracticeDemo.app */ = {isa = PBXFileReference; explicitFileType = wrapper.application; includeInIndex = 0; path = PDPracticeDemo.app; sourceTree = BUILT_PRODUCTS_DIR; };
		18046C9C1AD6B55500AD758D /* Base */ = {isa = PBXFileReference; lastKnownFileType = file.storyboard; name = Base; path = Base.lproj/Main.storyboard; sourceTree = "<group>"; };
		18046C9E1AD6B55500AD758D /* Images.xcassets */ = {isa = PBXFileReference; lastKnownFileType = folder.assetcatalog; path = Images.xcassets; sourceTree = "<group>"; };
		18046CA11AD6B55500AD758D /* Base */ = {isa = PBXFileReference; lastKnownFileType = file.xib; name = Base; path = Base.lproj/LaunchScreen.xib; sourceTree = "<group>"; };
		18046CA71AD6B55500AD758D /* PDPracticeDemoTests.xctest */ = {isa = PBXFileReference; explicitFileType = wrapper.cfbundle; includeInIndex = 0; path = PDPracticeDemoTests.xctest; sourceTree = BUILT_PRODUCTS_DIR; };
		18046CAC1AD6B55500AD758D /* Info.plist */ = {isa = PBXFileReference; lastKnownFileType = text.plist.xml; path = Info.plist; sourceTree = "<group>"; };
		18046CAD1AD6B55500AD758D /* PDPracticeDemoTests.m */ = {isa = PBXFileReference; lastKnownFileType = sourcecode.c.objc; path = PDPracticeDemoTests.m; sourceTree = "<group>"; };
		18046CC01AD6B81000AD758D /* CGRootNavigationController.h */ = {isa = PBXFileReference; fileEncoding = 4; lastKnownFileType = sourcecode.c.h; name = CGRootNavigationController.h; path = HomeVC/CGRootNavigationController.h; sourceTree = "<group>"; };
		18046CC11AD6B81000AD758D /* CGRootNavigationController.m */ = {isa = PBXFileReference; fileEncoding = 4; lastKnownFileType = sourcecode.c.objc; name = CGRootNavigationController.m; path = HomeVC/CGRootNavigationController.m; sourceTree = "<group>"; };
		18046CC21AD6B81000AD758D /* CGRootViewController.h */ = {isa = PBXFileReference; fileEncoding = 4; lastKnownFileType = sourcecode.c.h; name = CGRootViewController.h; path = HomeVC/CGRootViewController.h; sourceTree = "<group>"; };
		18046CC31AD6B81000AD758D /* CGRootViewController.m */ = {isa = PBXFileReference; fileEncoding = 4; lastKnownFileType = sourcecode.c.objc; name = CGRootViewController.m; path = HomeVC/CGRootViewController.m; sourceTree = "<group>"; };
		18046CC41AD6B81000AD758D /* CGTableViewController.h */ = {isa = PBXFileReference; fileEncoding = 4; lastKnownFileType = sourcecode.c.h; name = CGTableViewController.h; path = HomeVC/CGTableViewController.h; sourceTree = "<group>"; };
		18046CC51AD6B81000AD758D /* CGTableViewController.m */ = {isa = PBXFileReference; fileEncoding = 4; lastKnownFileType = sourcecode.c.objc; name = CGTableViewController.m; path = HomeVC/CGTableViewController.m; sourceTree = "<group>"; };
		18046CC91AD6B82000AD758D /* AppDelegate.h */ = {isa = PBXFileReference; fileEncoding = 4; lastKnownFileType = sourcecode.c.h; name = AppDelegate.h; path = "Supporting Files/AppDelegate.h"; sourceTree = "<group>"; };
		18046CCA1AD6B82000AD758D /* AppDelegate.m */ = {isa = PBXFileReference; fileEncoding = 4; lastKnownFileType = sourcecode.c.objc; name = AppDelegate.m; path = "Supporting Files/AppDelegate.m"; sourceTree = "<group>"; };
		18046CCB1AD6B82000AD758D /* Info.plist */ = {isa = PBXFileReference; fileEncoding = 4; lastKnownFileType = text.plist.xml; name = Info.plist; path = "Supporting Files/Info.plist"; sourceTree = "<group>"; };
		18046CCC1AD6B82000AD758D /* main.m */ = {isa = PBXFileReference; fileEncoding = 4; lastKnownFileType = sourcecode.c.objc; name = main.m; path = "Supporting Files/main.m"; sourceTree = "<group>"; };
		18046CD01AD6B8AA00AD758D /* CGTableViewDataSource.h */ = {isa = PBXFileReference; fileEncoding = 4; lastKnownFileType = sourcecode.c.h; name = CGTableViewDataSource.h; path = HomeVC/delegate/CGTableViewDataSource.h; sourceTree = "<group>"; };
		18046CD11AD6B8AA00AD758D /* CGTableViewDataSource.m */ = {isa = PBXFileReference; fileEncoding = 4; lastKnownFileType = sourcecode.c.objc; name = CGTableViewDataSource.m; path = HomeVC/delegate/CGTableViewDataSource.m; sourceTree = "<group>"; };
		18046CD41AD6B8F500AD758D /* HomeTableViewCell.h */ = {isa = PBXFileReference; fileEncoding = 4; lastKnownFileType = sourcecode.c.h; name = HomeTableViewCell.h; path = HomeVC/view/HomeTableViewCell.h; sourceTree = "<group>"; };
		18046CD51AD6B8F500AD758D /* HomeTableViewCell.m */ = {isa = PBXFileReference; fileEncoding = 4; lastKnownFileType = sourcecode.c.objc; name = HomeTableViewCell.m; path = HomeVC/view/HomeTableViewCell.m; sourceTree = "<group>"; };
		18046CD71AD6B91A00AD758D /* CGTableViewCell.h */ = {isa = PBXFileReference; fileEncoding = 4; lastKnownFileType = sourcecode.c.h; name = CGTableViewCell.h; path = HomeVC/view/CGTableViewCell.h; sourceTree = "<group>"; };
		18046CD81AD6B91A00AD758D /* CGTableViewCell.m */ = {isa = PBXFileReference; fileEncoding = 4; lastKnownFileType = sourcecode.c.objc; name = CGTableViewCell.m; path = HomeVC/view/CGTableViewCell.m; sourceTree = "<group>"; };
		18046CDA1AD6BD5F00AD758D /* QuartzCore.framework */ = {isa = PBXFileReference; lastKnownFileType = wrapper.framework; name = QuartzCore.framework; path = System/Library/Frameworks/QuartzCore.framework; sourceTree = SDKROOT; };
		18046CDC1AD6BD6B00AD758D /* UIKit.framework */ = {isa = PBXFileReference; lastKnownFileType = wrapper.framework; name = UIKit.framework; path = System/Library/Frameworks/UIKit.framework; sourceTree = SDKROOT; };
		18046CE01AD6BD7C00AD758D /* CoreFoundation.framework */ = {isa = PBXFileReference; lastKnownFileType = wrapper.framework; name = CoreFoundation.framework; path = System/Library/Frameworks/CoreFoundation.framework; sourceTree = SDKROOT; };
		1867B4291AE921AD006C4160 /* UIKitDemoViewController.h */ = {isa = PBXFileReference; fileEncoding = 4; lastKnownFileType = sourcecode.c.h; path = UIKitDemoViewController.h; sourceTree = "<group>"; };
		1867B42A1AE921AD006C4160 /* UIKitDemoViewController.m */ = {isa = PBXFileReference; fileEncoding = 4; lastKnownFileType = sourcecode.c.objc; path = UIKitDemoViewController.m; sourceTree = "<group>"; };
		1867B42D1AE92248006C4160 /* AutoLayoutTableViewController.h */ = {isa = PBXFileReference; fileEncoding = 4; lastKnownFileType = sourcecode.c.h; path = AutoLayoutTableViewController.h; sourceTree = "<group>"; };
		1867B42E1AE92248006C4160 /* AutoLayoutTableViewController.m */ = {isa = PBXFileReference; fileEncoding = 4; lastKnownFileType = sourcecode.c.objc; path = AutoLayoutTableViewController.m; sourceTree = "<group>"; };
		1867B4361AE92E23006C4160 /* car_001.jpg */ = {isa = PBXFileReference; lastKnownFileType = image.jpeg; path = car_001.jpg; sourceTree = "<group>"; };
		18D415A21ADE9E12003F4423 /* BaseViewController.h */ = {isa = PBXFileReference; fileEncoding = 4; lastKnownFileType = sourcecode.c.h; name = BaseViewController.h; path = HomeVC/BaseViewController.h; sourceTree = "<group>"; };
		18D415A31ADE9E12003F4423 /* BaseViewController.m */ = {isa = PBXFileReference; fileEncoding = 4; lastKnownFileType = sourcecode.c.objc; name = BaseViewController.m; path = HomeVC/BaseViewController.m; sourceTree = "<group>"; };
		18D415A61ADEA1C8003F4423 /* UIViewCommonDefine.h */ = {isa = PBXFileReference; fileEncoding = 4; lastKnownFileType = sourcecode.c.h; path = UIViewCommonDefine.h; sourceTree = "<group>"; };
		D60114BA1AF1CEC9000F9B84 /* CustomSegueViewController.h */ = {isa = PBXFileReference; fileEncoding = 4; lastKnownFileType = sourcecode.c.h; path = CustomSegueViewController.h; sourceTree = "<group>"; };
		D60114BB1AF1CEC9000F9B84 /* CustomSegueViewController.m */ = {isa = PBXFileReference; fileEncoding = 4; lastKnownFileType = sourcecode.c.objc; path = CustomSegueViewController.m; sourceTree = "<group>"; };
		D6189DDD1AF9EBA0001C3E21 /* TestSessionViewController.h */ = {isa = PBXFileReference; fileEncoding = 4; lastKnownFileType = sourcecode.c.h; path = TestSessionViewController.h; sourceTree = "<group>"; };
		D6189DDE1AF9EBA0001C3E21 /* TestSessionViewController.m */ = {isa = PBXFileReference; fileEncoding = 4; lastKnownFileType = sourcecode.c.objc; path = TestSessionViewController.m; sourceTree = "<group>"; };
		D6189DE11AF9F736001C3E21 /* TestCollectionViewController.h */ = {isa = PBXFileReference; fileEncoding = 4; lastKnownFileType = sourcecode.c.h; path = TestCollectionViewController.h; sourceTree = "<group>"; };
		D6189DE21AF9F736001C3E21 /* TestCollectionViewController.m */ = {isa = PBXFileReference; fileEncoding = 4; lastKnownFileType = sourcecode.c.objc; path = TestCollectionViewController.m; sourceTree = "<group>"; };
		D61D91801AF0B01C00A3AACF /* BoardingMapViewController.h */ = {isa = PBXFileReference; fileEncoding = 4; lastKnownFileType = sourcecode.c.h; path = BoardingMapViewController.h; sourceTree = "<group>"; };
		D61D91811AF0B01C00A3AACF /* BoardingMapViewController.m */ = {isa = PBXFileReference; fileEncoding = 4; lastKnownFileType = sourcecode.c.objc; path = BoardingMapViewController.m; sourceTree = "<group>"; };
		D61D91831AF0B01C00A3AACF /* VisualEffectViewController.h */ = {isa = PBXFileReference; fileEncoding = 4; lastKnownFileType = sourcecode.c.h; path = VisualEffectViewController.h; sourceTree = "<group>"; };
		D61D91841AF0B01C00A3AACF /* VisualEffectViewController.m */ = {isa = PBXFileReference; fileEncoding = 4; lastKnownFileType = sourcecode.c.objc; path = VisualEffectViewController.m; sourceTree = "<group>"; };
		D61D91861AF0B01C00A3AACF /* ProprietaryViewController.h */ = {isa = PBXFileReference; fileEncoding = 4; lastKnownFileType = sourcecode.c.h; path = ProprietaryViewController.h; sourceTree = "<group>"; };
		D61D91871AF0B01C00A3AACF /* ProprietaryViewController.m */ = {isa = PBXFileReference; fileEncoding = 4; lastKnownFileType = sourcecode.c.objc; path = ProprietaryViewController.m; sourceTree = "<group>"; };
		D61D91881AF0B01C00A3AACF /* CATableViewController.h */ = {isa = PBXFileReference; fileEncoding = 4; lastKnownFileType = sourcecode.c.h; path = CATableViewController.h; sourceTree = "<group>"; };
		D61D91891AF0B01C00A3AACF /* CATableViewController.m */ = {isa = PBXFileReference; fileEncoding = 4; lastKnownFileType = sourcecode.c.objc; path = CATableViewController.m; sourceTree = "<group>"; };
		D61D918F1AF0B03500A3AACF /* CGDefine.h */ = {isa = PBXFileReference; fileEncoding = 4; lastKnownFileType = sourcecode.c.h; path = CGDefine.h; sourceTree = "<group>"; };
		D62124EA1AF8BA8B008CFA72 /* DynamicsViewController.h */ = {isa = PBXFileReference; fileEncoding = 4; lastKnownFileType = sourcecode.c.h; path = DynamicsViewController.h; sourceTree = "<group>"; };
		D62124EB1AF8BA8B008CFA72 /* DynamicsViewController.m */ = {isa = PBXFileReference; fileEncoding = 4; lastKnownFileType = sourcecode.c.objc; path = DynamicsViewController.m; sourceTree = "<group>"; };
		D62124ED1AF8C08A008CFA72 /* DynamicsViewController+AddView.h */ = {isa = PBXFileReference; fileEncoding = 4; lastKnownFileType = sourcecode.c.h; path = "DynamicsViewController+AddView.h"; sourceTree = "<group>"; };
		D62124EE1AF8C08A008CFA72 /* DynamicsViewController+AddView.m */ = {isa = PBXFileReference; fileEncoding = 4; lastKnownFileType = sourcecode.c.objc; path = "DynamicsViewController+AddView.m"; sourceTree = "<group>"; };
		D63A93781AEF2A9B0094B68E /* FoundionDemoListViewController.h */ = {isa = PBXFileReference; fileEncoding = 4; lastKnownFileType = sourcecode.c.h; path = FoundionDemoListViewController.h; sourceTree = "<group>"; };
		D63A93791AEF2A9B0094B68E /* FoundionDemoListViewController.m */ = {isa = PBXFileReference; fileEncoding = 4; lastKnownFileType = sourcecode.c.objc; path = FoundionDemoListViewController.m; sourceTree = "<group>"; };
		D63A937F1AEF2E9B0094B68E /* Key-Value-ObservingUseViewController.h */ = {isa = PBXFileReference; fileEncoding = 4; lastKnownFileType = sourcecode.c.h; path = "Key-Value-ObservingUseViewController.h"; sourceTree = "<group>"; };
		D63A93801AEF2E9B0094B68E /* Key-Value-ObservingUseViewController.m */ = {isa = PBXFileReference; fileEncoding = 4; lastKnownFileType = sourcecode.c.objc; path = "Key-Value-ObservingUseViewController.m"; sourceTree = "<group>"; };
		D63A938A1AEF3E050094B68E /* EXTKeyPathCoding.h */ = {isa = PBXFileReference; fileEncoding = 4; lastKnownFileType = sourcecode.c.h; path = EXTKeyPathCoding.h; sourceTree = "<group>"; };
		D63A938B1AEF3E050094B68E /* EXTScope.h */ = {isa = PBXFileReference; fileEncoding = 4; lastKnownFileType = sourcecode.c.h; path = EXTScope.h; sourceTree = "<group>"; };
		D63A938C1AEF3E050094B68E /* EXTScope.m */ = {isa = PBXFileReference; fileEncoding = 4; lastKnownFileType = sourcecode.c.objc; path = EXTScope.m; sourceTree = "<group>"; };
		D63A938D1AEF3E050094B68E /* metamacros.h */ = {isa = PBXFileReference; fileEncoding = 4; lastKnownFileType = sourcecode.c.h; path = metamacros.h; sourceTree = "<group>"; };
		D64B86601AEDD7E00052D250 /* LabelViewController.h */ = {isa = PBXFileReference; fileEncoding = 4; lastKnownFileType = sourcecode.c.h; path = LabelViewController.h; sourceTree = "<group>"; };
		D64B86611AEDD7E00052D250 /* LabelViewController.m */ = {isa = PBXFileReference; fileEncoding = 4; lastKnownFileType = sourcecode.c.objc; path = LabelViewController.m; sourceTree = "<group>"; };
		D64B86631AEDD83A0052D250 /* UITextField+CreateAutoLayout.h */ = {isa = PBXFileReference; fileEncoding = 4; lastKnownFileType = sourcecode.c.h; path = "UITextField+CreateAutoLayout.h"; sourceTree = "<group>"; };
		D64B86641AEDD83A0052D250 /* UITextField+CreateAutoLayout.m */ = {isa = PBXFileReference; fileEncoding = 4; lastKnownFileType = sourcecode.c.objc; path = "UITextField+CreateAutoLayout.m"; sourceTree = "<group>"; };
		D64B86661AEDD94D0052D250 /* UIView+CreateSubAutoLayout.h */ = {isa = PBXFileReference; fileEncoding = 4; lastKnownFileType = sourcecode.c.h; path = "UIView+CreateSubAutoLayout.h"; sourceTree = "<group>"; };
		D64B86671AEDD94D0052D250 /* UIView+CreateSubAutoLayout.m */ = {isa = PBXFileReference; fileEncoding = 4; lastKnownFileType = sourcecode.c.objc; path = "UIView+CreateSubAutoLayout.m"; sourceTree = "<group>"; };
		D64B86691AEDE1E70052D250 /* Reveal.framework */ = {isa = PBXFileReference; lastKnownFileType = wrapper.framework; path = Reveal.framework; sourceTree = "<group>"; };
		D64B866C1AEDE7F60052D250 /* CGBaseAutoLayoutView.h */ = {isa = PBXFileReference; fileEncoding = 4; lastKnownFileType = sourcecode.c.h; path = CGBaseAutoLayoutView.h; sourceTree = "<group>"; };
		D64B866D1AEDE7F60052D250 /* CGBaseAutoLayoutView.m */ = {isa = PBXFileReference; fileEncoding = 4; lastKnownFileType = sourcecode.c.objc; path = CGBaseAutoLayoutView.m; sourceTree = "<group>"; };
		D64B866F1AEDF5ED0052D250 /* CGTitleBaseView.h */ = {isa = PBXFileReference; fileEncoding = 4; lastKnownFileType = sourcecode.c.h; path = CGTitleBaseView.h; sourceTree = "<group>"; };
		D64B86701AEDF5ED0052D250 /* CGTitleBaseView.m */ = {isa = PBXFileReference; fileEncoding = 4; lastKnownFileType = sourcecode.c.objc; path = CGTitleBaseView.m; sourceTree = "<group>"; };
		D64B86721AEDF67F0052D250 /* CGTitleTextField.h */ = {isa = PBXFileReference; fileEncoding = 4; lastKnownFileType = sourcecode.c.h; path = CGTitleTextField.h; sourceTree = "<group>"; };
		D64B86731AEDF67F0052D250 /* CGTitleTextField.m */ = {isa = PBXFileReference; fileEncoding = 4; lastKnownFileType = sourcecode.c.objc; path = CGTitleTextField.m; sourceTree = "<group>"; };
		D64B86761AEDF81D0052D250 /* CGBaseTextField.h */ = {isa = PBXFileReference; fileEncoding = 4; lastKnownFileType = sourcecode.c.h; path = CGBaseTextField.h; sourceTree = "<group>"; };
		D64B86771AEDF81D0052D250 /* CGBaseTextField.m */ = {isa = PBXFileReference; fileEncoding = 4; lastKnownFileType = sourcecode.c.objc; path = CGBaseTextField.m; sourceTree = "<group>"; };
		D64B86791AEDFA4E0052D250 /* CGBaseLabel.h */ = {isa = PBXFileReference; fileEncoding = 4; lastKnownFileType = sourcecode.c.h; path = CGBaseLabel.h; sourceTree = "<group>"; };
		D64B867A1AEDFA4E0052D250 /* CGBaseLabel.m */ = {isa = PBXFileReference; fileEncoding = 4; lastKnownFileType = sourcecode.c.objc; path = CGBaseLabel.m; sourceTree = "<group>"; };
		D64B867C1AEDFA740052D250 /* CGMultiLineLabel.h */ = {isa = PBXFileReference; fileEncoding = 4; lastKnownFileType = sourcecode.c.h; path = CGMultiLineLabel.h; sourceTree = "<group>"; };
		D64B867D1AEDFA740052D250 /* CGMultiLineLabel.m */ = {isa = PBXFileReference; fileEncoding = 4; lastKnownFileType = sourcecode.c.objc; path = CGMultiLineLabel.m; sourceTree = "<group>"; };
		D64B86841AEE1E950052D250 /* SubCustomViewController.h */ = {isa = PBXFileReference; fileEncoding = 4; lastKnownFileType = sourcecode.c.h; path = SubCustomViewController.h; sourceTree = "<group>"; };
		D64B86851AEE1E950052D250 /* SubCustomViewController.m */ = {isa = PBXFileReference; fileEncoding = 4; lastKnownFileType = sourcecode.c.objc; path = SubCustomViewController.m; sourceTree = "<group>"; };
		D67907F61AEDCFD1009CAC9B /* CreateView.h */ = {isa = PBXFileReference; fileEncoding = 4; lastKnownFileType = sourcecode.c.h; path = CreateView.h; sourceTree = "<group>"; };
		D67907F71AEDCFD1009CAC9B /* UILabel+CreateAutoLayout.h */ = {isa = PBXFileReference; fileEncoding = 4; lastKnownFileType = sourcecode.c.h; path = "UILabel+CreateAutoLayout.h"; sourceTree = "<group>"; };
		D67907F81AEDCFD1009CAC9B /* UILabel+CreateAutoLayout.m */ = {isa = PBXFileReference; fileEncoding = 4; lastKnownFileType = sourcecode.c.objc; path = "UILabel+CreateAutoLayout.m"; sourceTree = "<group>"; };
		D67907FA1AEDD078009CAC9B /* UIButton+CreateAutoLayout.h */ = {isa = PBXFileReference; fileEncoding = 4; lastKnownFileType = sourcecode.c.h; path = "UIButton+CreateAutoLayout.h"; sourceTree = "<group>"; };
		D67907FB1AEDD078009CAC9B /* UIButton+CreateAutoLayout.m */ = {isa = PBXFileReference; fileEncoding = 4; lastKnownFileType = sourcecode.c.objc; path = "UIButton+CreateAutoLayout.m"; sourceTree = "<group>"; };
		D67907FD1AEDD142009CAC9B /* UIImageView+CreateAutoLayout.h */ = {isa = PBXFileReference; fileEncoding = 4; lastKnownFileType = sourcecode.c.h; path = "UIImageView+CreateAutoLayout.h"; sourceTree = "<group>"; };
		D67907FE1AEDD142009CAC9B /* UIImageView+CreateAutoLayout.m */ = {isa = PBXFileReference; fileEncoding = 4; lastKnownFileType = sourcecode.c.objc; path = "UIImageView+CreateAutoLayout.m"; sourceTree = "<group>"; };
		D6957B981AFB64DA005F4F79 /* CGSpringCollectionViewFlowLayout.h */ = {isa = PBXFileReference; fileEncoding = 4; lastKnownFileType = sourcecode.c.h; path = CGSpringCollectionViewFlowLayout.h; sourceTree = "<group>"; };
		D6957B991AFB64DA005F4F79 /* CGSpringCollectionViewFlowLayout.m */ = {isa = PBXFileReference; fileEncoding = 4; lastKnownFileType = sourcecode.c.objc; path = CGSpringCollectionViewFlowLayout.m; sourceTree = "<group>"; };
		D6957B9B1AFB6C8F005F4F79 /* AreaEdge.h */ = {isa = PBXFileReference; fileEncoding = 4; lastKnownFileType = sourcecode.c.h; path = AreaEdge.h; sourceTree = "<group>"; };
		D6957B9C1AFB6C8F005F4F79 /* AreaEdge.m */ = {isa = PBXFileReference; fileEncoding = 4; lastKnownFileType = sourcecode.c.objc; path = AreaEdge.m; sourceTree = "<group>"; };
		D6B1C1781AFC566C00B17280 /* CGScrollView.h */ = {isa = PBXFileReference; fileEncoding = 4; lastKnownFileType = sourcecode.c.h; path = CGScrollView.h; sourceTree = "<group>"; };
		D6B1C1791AFC566C00B17280 /* CGScrollView.m */ = {isa = PBXFileReference; fileEncoding = 4; lastKnownFileType = sourcecode.c.objc; path = CGScrollView.m; sourceTree = "<group>"; };
		D6B1C17B1AFC56A800B17280 /* CGTabScrollView.h */ = {isa = PBXFileReference; fileEncoding = 4; lastKnownFileType = sourcecode.c.h; path = CGTabScrollView.h; sourceTree = "<group>"; };
		D6B1C17C1AFC56A800B17280 /* CGTabScrollView.m */ = {isa = PBXFileReference; fileEncoding = 4; lastKnownFileType = sourcecode.c.objc; path = CGTabScrollView.m; sourceTree = "<group>"; };
		D6B395E21AF71DAB00FC87BE /* CGPlaceholderTextView.h */ = {isa = PBXFileReference; fileEncoding = 4; lastKnownFileType = sourcecode.c.h; path = CGPlaceholderTextView.h; sourceTree = "<group>"; };
		D6B395E31AF71DAB00FC87BE /* CGPlaceholderTextView.m */ = {isa = PBXFileReference; fileEncoding = 4; lastKnownFileType = sourcecode.c.objc; path = CGPlaceholderTextView.m; sourceTree = "<group>"; };
		D6B395E61AF7253500FC87BE /* CustomTextViewController.h */ = {isa = PBXFileReference; fileEncoding = 4; lastKnownFileType = sourcecode.c.h; path = CustomTextViewController.h; sourceTree = "<group>"; };
		D6B395E71AF7253500FC87BE /* CustomTextViewController.m */ = {isa = PBXFileReference; fileEncoding = 4; lastKnownFileType = sourcecode.c.objc; path = CustomTextViewController.m; sourceTree = "<group>"; };
		D6BDBE381AF0B5BE000307CA /* TestObject.h */ = {isa = PBXFileReference; fileEncoding = 4; lastKnownFileType = sourcecode.c.h; path = TestObject.h; sourceTree = "<group>"; };
		D6BDBE391AF0B5BE000307CA /* TestObject.m */ = {isa = PBXFileReference; fileEncoding = 4; lastKnownFileType = sourcecode.c.objc; path = TestObject.m; sourceTree = "<group>"; };
		D6EA12151AD76F25004F6D87 /* CGCropImage.h */ = {isa = PBXFileReference; fileEncoding = 4; lastKnownFileType = sourcecode.c.h; path = CGCropImage.h; sourceTree = "<group>"; };
		D6EA12161AD76F25004F6D87 /* CGCropImage.m */ = {isa = PBXFileReference; fileEncoding = 4; lastKnownFileType = sourcecode.c.objc; path = CGCropImage.m; sourceTree = "<group>"; };
		D6EA12171AD76F25004F6D87 /* CGCropView.h */ = {isa = PBXFileReference; fileEncoding = 4; lastKnownFileType = sourcecode.c.h; path = CGCropView.h; sourceTree = "<group>"; };
		D6EA12181AD76F25004F6D87 /* CGCropView.m */ = {isa = PBXFileReference; fileEncoding = 4; lastKnownFileType = sourcecode.c.objc; path = CGCropView.m; sourceTree = "<group>"; };
		D6EA12191AD76F25004F6D87 /* CGZoomImageView.h */ = {isa = PBXFileReference; fileEncoding = 4; lastKnownFileType = sourcecode.c.h; path = CGZoomImageView.h; sourceTree = "<group>"; };
		D6EA121A1AD76F25004F6D87 /* CGZoomImageView.m */ = {isa = PBXFileReference; fileEncoding = 4; lastKnownFileType = sourcecode.c.objc; path = CGZoomImageView.m; sourceTree = "<group>"; };
		D6EA121C1AD76F25004F6D87 /* CGAttributedPlaceholderLabel.h */ = {isa = PBXFileReference; fileEncoding = 4; lastKnownFileType = sourcecode.c.h; path = CGAttributedPlaceholderLabel.h; sourceTree = "<group>"; };
		D6EA121D1AD76F25004F6D87 /* CGAttributedPlaceholderLabel.m */ = {isa = PBXFileReference; fileEncoding = 4; lastKnownFileType = sourcecode.c.objc; path = CGAttributedPlaceholderLabel.m; sourceTree = "<group>"; };
		D6EA121E1AD76F25004F6D87 /* CGPlaceholderLabel.h */ = {isa = PBXFileReference; fileEncoding = 4; lastKnownFileType = sourcecode.c.h; path = CGPlaceholderLabel.h; sourceTree = "<group>"; };
		D6EA121F1AD76F25004F6D87 /* CGPlaceholderLabel.m */ = {isa = PBXFileReference; fileEncoding = 4; lastKnownFileType = sourcecode.c.objc; path = CGPlaceholderLabel.m; sourceTree = "<group>"; };
		D6EA12201AD76F25004F6D87 /* CGTitleLabel.h */ = {isa = PBXFileReference; fileEncoding = 4; lastKnownFileType = sourcecode.c.h; path = CGTitleLabel.h; sourceTree = "<group>"; };
		D6EA12211AD76F25004F6D87 /* CGTitleLabel.m */ = {isa = PBXFileReference; fileEncoding = 4; lastKnownFileType = sourcecode.c.objc; path = CGTitleLabel.m; sourceTree = "<group>"; };
		D6EA12231AD76F25004F6D87 /* ALView+PureLayout.h */ = {isa = PBXFileReference; fileEncoding = 4; lastKnownFileType = sourcecode.c.h; path = "ALView+PureLayout.h"; sourceTree = "<group>"; };
		D6EA12241AD76F25004F6D87 /* ALView+PureLayout.m */ = {isa = PBXFileReference; fileEncoding = 4; lastKnownFileType = sourcecode.c.objc; path = "ALView+PureLayout.m"; sourceTree = "<group>"; };
		D6EA12251AD76F25004F6D87 /* NSArray+PureLayout.h */ = {isa = PBXFileReference; fileEncoding = 4; lastKnownFileType = sourcecode.c.h; path = "NSArray+PureLayout.h"; sourceTree = "<group>"; };
		D6EA12261AD76F25004F6D87 /* NSArray+PureLayout.m */ = {isa = PBXFileReference; fileEncoding = 4; lastKnownFileType = sourcecode.c.objc; path = "NSArray+PureLayout.m"; sourceTree = "<group>"; };
		D6EA12271AD76F25004F6D87 /* NSLayoutConstraint+PureLayout.h */ = {isa = PBXFileReference; fileEncoding = 4; lastKnownFileType = sourcecode.c.h; path = "NSLayoutConstraint+PureLayout.h"; sourceTree = "<group>"; };
		D6EA12281AD76F25004F6D87 /* NSLayoutConstraint+PureLayout.m */ = {isa = PBXFileReference; fileEncoding = 4; lastKnownFileType = sourcecode.c.objc; path = "NSLayoutConstraint+PureLayout.m"; sourceTree = "<group>"; };
		D6EA12291AD76F25004F6D87 /* PureLayout+Internal.h */ = {isa = PBXFileReference; fileEncoding = 4; lastKnownFileType = sourcecode.c.h; path = "PureLayout+Internal.h"; sourceTree = "<group>"; };
		D6EA122A1AD76F25004F6D87 /* PureLayout.h */ = {isa = PBXFileReference; fileEncoding = 4; lastKnownFileType = sourcecode.c.h; path = PureLayout.h; sourceTree = "<group>"; };
		D6EA122B1AD76F25004F6D87 /* PureLayoutDefines.h */ = {isa = PBXFileReference; fileEncoding = 4; lastKnownFileType = sourcecode.c.h; path = PureLayoutDefines.h; sourceTree = "<group>"; };
		D6EA122C1AD76F25004F6D87 /* README.md */ = {isa = PBXFileReference; fileEncoding = 4; lastKnownFileType = net.daringfireball.markdown; path = README.md; sourceTree = "<group>"; };
		D6EA122E1AD76F25004F6D87 /* NSObject+AreaCalculate.h */ = {isa = PBXFileReference; fileEncoding = 4; lastKnownFileType = sourcecode.c.h; path = "NSObject+AreaCalculate.h"; sourceTree = "<group>"; };
		D6EA122F1AD76F25004F6D87 /* NSObject+AreaCalculate.m */ = {isa = PBXFileReference; fileEncoding = 4; lastKnownFileType = sourcecode.c.objc; path = "NSObject+AreaCalculate.m"; sourceTree = "<group>"; };
		D6EA12301AD76F25004F6D87 /* UIColor+HexColor.h */ = {isa = PBXFileReference; fileEncoding = 4; lastKnownFileType = sourcecode.c.h; path = "UIColor+HexColor.h"; sourceTree = "<group>"; };
		D6EA12311AD76F25004F6D87 /* UIColor+HexColor.m */ = {isa = PBXFileReference; fileEncoding = 4; lastKnownFileType = sourcecode.c.objc; path = "UIColor+HexColor.m"; sourceTree = "<group>"; };
		D6EA12321AD76F25004F6D87 /* UIView+AddLayoutConstraint.h */ = {isa = PBXFileReference; fileEncoding = 4; lastKnownFileType = sourcecode.c.h; path = "UIView+AddLayoutConstraint.h"; sourceTree = "<group>"; };
		D6EA12331AD76F25004F6D87 /* UIView+AddLayoutConstraint.m */ = {isa = PBXFileReference; fileEncoding = 4; lastKnownFileType = sourcecode.c.objc; path = "UIView+AddLayoutConstraint.m"; sourceTree = "<group>"; };
		D6EA12341AD76F25004F6D87 /* UIView+Frame.h */ = {isa = PBXFileReference; fileEncoding = 4; lastKnownFileType = sourcecode.c.h; path = "UIView+Frame.h"; sourceTree = "<group>"; };
		D6EA12351AD76F25004F6D87 /* UIView+Frame.m */ = {isa = PBXFileReference; fileEncoding = 4; lastKnownFileType = sourcecode.c.objc; path = "UIView+Frame.m"; sourceTree = "<group>"; };
		D6EA12481AD77020004F6D87 /* ChangeApplicationLanguage.h */ = {isa = PBXFileReference; fileEncoding = 4; lastKnownFileType = sourcecode.c.h; path = ChangeApplicationLanguage.h; sourceTree = "<group>"; };
		D6EA12491AD77020004F6D87 /* ChangeApplicationLanguage.m */ = {isa = PBXFileReference; fileEncoding = 4; lastKnownFileType = sourcecode.c.objc; path = ChangeApplicationLanguage.m; sourceTree = "<group>"; };
		D6EA124B1AD771E9004F6D87 /* HomeViewController.h */ = {isa = PBXFileReference; fileEncoding = 4; lastKnownFileType = sourcecode.c.h; name = HomeViewController.h; path = HomeVC/HomeViewController.h; sourceTree = "<group>"; };
		D6EA124C1AD771E9004F6D87 /* HomeViewController.m */ = {isa = PBXFileReference; fileEncoding = 4; lastKnownFileType = sourcecode.c.objc; name = HomeViewController.m; path = HomeVC/HomeViewController.m; sourceTree = "<group>"; };
/* End PBXFileReference section */

/* Begin PBXFrameworksBuildPhase section */
		18046C8B1AD6B55500AD758D /* Frameworks */ = {
			isa = PBXFrameworksBuildPhase;
			buildActionMask = 2147483647;
			files = (
				18046CE11AD6BD7C00AD758D /* CoreFoundation.framework in Frameworks */,
				18046CDD1AD6BD6B00AD758D /* UIKit.framework in Frameworks */,
				18046CDB1AD6BD5F00AD758D /* QuartzCore.framework in Frameworks */,
				D64B866A1AEDE1E70052D250 /* Reveal.framework in Frameworks */,
			);
			runOnlyForDeploymentPostprocessing = 0;
		};
		18046CA41AD6B55500AD758D /* Frameworks */ = {
			isa = PBXFrameworksBuildPhase;
			buildActionMask = 2147483647;
			files = (
			);
			runOnlyForDeploymentPostprocessing = 0;
		};
/* End PBXFrameworksBuildPhase section */

/* Begin PBXGroup section */
		18046C851AD6B55500AD758D = {
			isa = PBXGroup;
			children = (
				18046C901AD6B55500AD758D /* PDPracticeDemo */,
				18046CAA1AD6B55500AD758D /* PDPracticeDemoTests */,
				18046CB71AD6B5D300AD758D /* Frameworks */,
				18046C8F1AD6B55500AD758D /* Products */,
			);
			sourceTree = "<group>";
		};
		18046C8F1AD6B55500AD758D /* Products */ = {
			isa = PBXGroup;
			children = (
				18046C8E1AD6B55500AD758D /* PDPracticeDemo.app */,
				18046CA71AD6B55500AD758D /* PDPracticeDemoTests.xctest */,
			);
			name = Products;
			sourceTree = "<group>";
		};
		18046C901AD6B55500AD758D /* PDPracticeDemo */ = {
			isa = PBXGroup;
			children = (
				D6EA124E1AD7722F004F6D87 /* Demo */,
				D6EA12461AD77020004F6D87 /* Scene */,
				D6EA12121AD76F25004F6D87 /* CGKit */,
				18046CB81AD6B6F300AD758D /* HomeVC */,
				18046C9B1AD6B55500AD758D /* Main.storyboard */,
				18046C9E1AD6B55500AD758D /* Images.xcassets */,
				18046CA01AD6B55500AD758D /* LaunchScreen.xib */,
				18046C911AD6B55500AD758D /* Supporting Files */,
			);
			path = PDPracticeDemo;
			sourceTree = "<group>";
		};
		18046C911AD6B55500AD758D /* Supporting Files */ = {
			isa = PBXGroup;
			children = (
				1867B4351AE92E23006C4160 /* images */,
				18046CC91AD6B82000AD758D /* AppDelegate.h */,
				18046CCA1AD6B82000AD758D /* AppDelegate.m */,
				18046CCB1AD6B82000AD758D /* Info.plist */,
				18046CCC1AD6B82000AD758D /* main.m */,
			);
			name = "Supporting Files";
			sourceTree = "<group>";
		};
		18046CAA1AD6B55500AD758D /* PDPracticeDemoTests */ = {
			isa = PBXGroup;
			children = (
				18046CAD1AD6B55500AD758D /* PDPracticeDemoTests.m */,
				18046CAB1AD6B55500AD758D /* Supporting Files */,
			);
			path = PDPracticeDemoTests;
			sourceTree = "<group>";
		};
		18046CAB1AD6B55500AD758D /* Supporting Files */ = {
			isa = PBXGroup;
			children = (
				18046CAC1AD6B55500AD758D /* Info.plist */,
			);
			name = "Supporting Files";
			sourceTree = "<group>";
		};
		18046CB71AD6B5D300AD758D /* Frameworks */ = {
			isa = PBXGroup;
			children = (
				D64B86691AEDE1E70052D250 /* Reveal.framework */,
				18046CE01AD6BD7C00AD758D /* CoreFoundation.framework */,
				18046CDC1AD6BD6B00AD758D /* UIKit.framework */,
				18046CDA1AD6BD5F00AD758D /* QuartzCore.framework */,
			);
			name = Frameworks;
			sourceTree = "<group>";
		};
		18046CB81AD6B6F300AD758D /* HomeVC */ = {
			isa = PBXGroup;
			children = (
				18046CD31AD6B8B800AD758D /* view */,
				18046CBF1AD6B7AE00AD758D /* delegate */,
				18046CC01AD6B81000AD758D /* CGRootNavigationController.h */,
				18046CC11AD6B81000AD758D /* CGRootNavigationController.m */,
				18046CC21AD6B81000AD758D /* CGRootViewController.h */,
				18046CC31AD6B81000AD758D /* CGRootViewController.m */,
				18046CC41AD6B81000AD758D /* CGTableViewController.h */,
				18046CC51AD6B81000AD758D /* CGTableViewController.m */,
				D6EA124B1AD771E9004F6D87 /* HomeViewController.h */,
				D6EA124C1AD771E9004F6D87 /* HomeViewController.m */,
				18D415A21ADE9E12003F4423 /* BaseViewController.h */,
				18D415A31ADE9E12003F4423 /* BaseViewController.m */,
			);
			name = HomeVC;
			sourceTree = "<group>";
		};
		18046CBF1AD6B7AE00AD758D /* delegate */ = {
			isa = PBXGroup;
			children = (
				18046CD01AD6B8AA00AD758D /* CGTableViewDataSource.h */,
				18046CD11AD6B8AA00AD758D /* CGTableViewDataSource.m */,
			);
			name = delegate;
			sourceTree = "<group>";
		};
		18046CD31AD6B8B800AD758D /* view */ = {
			isa = PBXGroup;
			children = (
				18046CD71AD6B91A00AD758D /* CGTableViewCell.h */,
				18046CD81AD6B91A00AD758D /* CGTableViewCell.m */,
				18046CD41AD6B8F500AD758D /* HomeTableViewCell.h */,
				18046CD51AD6B8F500AD758D /* HomeTableViewCell.m */,
			);
			name = view;
			sourceTree = "<group>";
		};
		1867B4281AE92135006C4160 /* UIKitDemo */ = {
			isa = PBXGroup;
			children = (
				1867B4291AE921AD006C4160 /* UIKitDemoViewController.h */,
				1867B42A1AE921AD006C4160 /* UIKitDemoViewController.m */,
				D6189DE01AF9F722001C3E21 /* CollectionView */,
				D62124E91AF8BA64008CFA72 /* UIKit动力学 */,
				D6B395E51AF7251500FC87BE /* Text */,
				D60114B91AF1CEB1000F9B84 /* Segue使用示例 */,
				D64B86831AEE1E950052D250 /* UIView */,
				D64B865F1AEDD7CB0052D250 /* Label */,
				1867B42C1AE9222C006C4160 /* TableView */,
			);
			name = UIKitDemo;
			path = Demo/UIKitDemo;
			sourceTree = "<group>";
		};
		1867B42C1AE9222C006C4160 /* TableView */ = {
			isa = PBXGroup;
			children = (
				1867B42D1AE92248006C4160 /* AutoLayoutTableViewController.h */,
				1867B42E1AE92248006C4160 /* AutoLayoutTableViewController.m */,
			);
			path = TableView;
			sourceTree = "<group>";
		};
		1867B4301AE92421006C4160 /* CreateView */ = {
			isa = PBXGroup;
			children = (
				D67907F61AEDCFD1009CAC9B /* CreateView.h */,
				D67907F71AEDCFD1009CAC9B /* UILabel+CreateAutoLayout.h */,
				D67907F81AEDCFD1009CAC9B /* UILabel+CreateAutoLayout.m */,
				D67907FA1AEDD078009CAC9B /* UIButton+CreateAutoLayout.h */,
				D67907FB1AEDD078009CAC9B /* UIButton+CreateAutoLayout.m */,
				D67907FD1AEDD142009CAC9B /* UIImageView+CreateAutoLayout.h */,
				D67907FE1AEDD142009CAC9B /* UIImageView+CreateAutoLayout.m */,
				D64B86631AEDD83A0052D250 /* UITextField+CreateAutoLayout.h */,
				D64B86641AEDD83A0052D250 /* UITextField+CreateAutoLayout.m */,
				D64B86661AEDD94D0052D250 /* UIView+CreateSubAutoLayout.h */,
				D64B86671AEDD94D0052D250 /* UIView+CreateSubAutoLayout.m */,
			);
			path = CreateView;
			sourceTree = "<group>";
		};
		1867B4351AE92E23006C4160 /* images */ = {
			isa = PBXGroup;
			children = (
				1867B4361AE92E23006C4160 /* car_001.jpg */,
			);
			name = images;
			path = "Supporting Files/images";
			sourceTree = "<group>";
		};
		18D415A51ADEA19C003F4423 /* Header */ = {
			isa = PBXGroup;
			children = (
				18D415A61ADEA1C8003F4423 /* UIViewCommonDefine.h */,
			);
			path = Header;
			sourceTree = "<group>";
		};
		D60114B91AF1CEB1000F9B84 /* Segue使用示例 */ = {
			isa = PBXGroup;
			children = (
				D60114BA1AF1CEC9000F9B84 /* CustomSegueViewController.h */,
				D60114BB1AF1CEC9000F9B84 /* CustomSegueViewController.m */,
			);
			path = "Segue使用示例";
			sourceTree = "<group>";
		};
		D6189DDC1AF9E404001C3E21 /* NSSession */ = {
			isa = PBXGroup;
			children = (
				D6189DDD1AF9EBA0001C3E21 /* TestSessionViewController.h */,
				D6189DDE1AF9EBA0001C3E21 /* TestSessionViewController.m */,
			);
			path = NSSession;
			sourceTree = "<group>";
		};
		D6189DE01AF9F722001C3E21 /* CollectionView */ = {
			isa = PBXGroup;
			children = (
				D6189DE11AF9F736001C3E21 /* TestCollectionViewController.h */,
				D6189DE21AF9F736001C3E21 /* TestCollectionViewController.m */,
				D6957B971AFB64DA005F4F79 /* CollectionViewLayout */,
			);
			path = CollectionView;
			sourceTree = "<group>";
		};
		D61D917F1AF0B01C00A3AACF /* 寄宿图 */ = {
			isa = PBXGroup;
			children = (
				D61D91801AF0B01C00A3AACF /* BoardingMapViewController.h */,
				D61D91811AF0B01C00A3AACF /* BoardingMapViewController.m */,
			);
			path = "寄宿图";
			sourceTree = "<group>";
		};
		D61D91821AF0B01C00A3AACF /* 视觉效果 */ = {
			isa = PBXGroup;
			children = (
				D61D91831AF0B01C00A3AACF /* VisualEffectViewController.h */,
				D61D91841AF0B01C00A3AACF /* VisualEffectViewController.m */,
			);
			path = "视觉效果";
			sourceTree = "<group>";
		};
		D61D91851AF0B01C00A3AACF /* 专用图层 */ = {
			isa = PBXGroup;
			children = (
				D61D91861AF0B01C00A3AACF /* ProprietaryViewController.h */,
				D61D91871AF0B01C00A3AACF /* ProprietaryViewController.m */,
			);
			path = "专用图层";
			sourceTree = "<group>";
		};
		D61D918E1AF0B03500A3AACF /* MacroDefinition */ = {
			isa = PBXGroup;
			children = (
				D61D918F1AF0B03500A3AACF /* CGDefine.h */,
			);
			path = MacroDefinition;
			sourceTree = "<group>";
		};
		D61D91931AF0B41E00A3AACF /* CoreFoundtion */ = {
			isa = PBXGroup;
			children = (
			);
			name = CoreFoundtion;
			path = Demo/CoreFoundtion;
			sourceTree = "<group>";
		};
		D61D91941AF0B47B00A3AACF /* TestClass */ = {
			isa = PBXGroup;
			children = (
				D6BDBE381AF0B5BE000307CA /* TestObject.h */,
				D6BDBE391AF0B5BE000307CA /* TestObject.m */,
			);
			path = TestClass;
			sourceTree = "<group>";
		};
		D62124E91AF8BA64008CFA72 /* UIKit动力学 */ = {
			isa = PBXGroup;
			children = (
				D62124EA1AF8BA8B008CFA72 /* DynamicsViewController.h */,
				D62124EB1AF8BA8B008CFA72 /* DynamicsViewController.m */,
				D62124ED1AF8C08A008CFA72 /* DynamicsViewController+AddView.h */,
				D62124EE1AF8C08A008CFA72 /* DynamicsViewController+AddView.m */,
			);
			path = "UIKit动力学";
			sourceTree = "<group>";
		};
		D63A93771AEF2A6A0094B68E /* NSFoundion */ = {
			isa = PBXGroup;
			children = (
				D6189DDC1AF9E404001C3E21 /* NSSession */,
				D63A93781AEF2A9B0094B68E /* FoundionDemoListViewController.h */,
				D63A93791AEF2A9B0094B68E /* FoundionDemoListViewController.m */,
				D61D91941AF0B47B00A3AACF /* TestClass */,
				D63A937E1AEF2E4E0094B68E /* KVO的使用 */,
			);
			name = NSFoundion;
			path = Demo/NSFoundion;
			sourceTree = "<group>";
		};
		D63A937E1AEF2E4E0094B68E /* KVO的使用 */ = {
			isa = PBXGroup;
			children = (
				D63A937F1AEF2E9B0094B68E /* Key-Value-ObservingUseViewController.h */,
				D63A93801AEF2E9B0094B68E /* Key-Value-ObservingUseViewController.m */,
			);
			path = "KVO的使用";
			sourceTree = "<group>";
		};
		D63A93881AEF3E050094B68E /* Foundion */ = {
			isa = PBXGroup;
			children = (
				D63A93891AEF3E050094B68E /* extobjc */,
			);
			path = Foundion;
			sourceTree = "<group>";
		};
		D63A93891AEF3E050094B68E /* extobjc */ = {
			isa = PBXGroup;
			children = (
				D63A938A1AEF3E050094B68E /* EXTKeyPathCoding.h */,
				D63A938B1AEF3E050094B68E /* EXTScope.h */,
				D63A938C1AEF3E050094B68E /* EXTScope.m */,
				D63A938D1AEF3E050094B68E /* metamacros.h */,
			);
			path = extobjc;
			sourceTree = "<group>";
		};
		D64B865F1AEDD7CB0052D250 /* Label */ = {
			isa = PBXGroup;
			children = (
				D64B86601AEDD7E00052D250 /* LabelViewController.h */,
				D64B86611AEDD7E00052D250 /* LabelViewController.m */,
			);
			path = Label;
			sourceTree = "<group>";
		};
		D64B866B1AEDE7E60052D250 /* CGView */ = {
			isa = PBXGroup;
			children = (
				D64B866C1AEDE7F60052D250 /* CGBaseAutoLayoutView.h */,
				D64B866D1AEDE7F60052D250 /* CGBaseAutoLayoutView.m */,
				D64B866F1AEDF5ED0052D250 /* CGTitleBaseView.h */,
				D64B86701AEDF5ED0052D250 /* CGTitleBaseView.m */,
				D64B86721AEDF67F0052D250 /* CGTitleTextField.h */,
				D64B86731AEDF67F0052D250 /* CGTitleTextField.m */,
			);
			path = CGView;
			sourceTree = "<group>";
		};
		D64B86751AEDF7EE0052D250 /* CGTextField */ = {
			isa = PBXGroup;
			children = (
				D64B86761AEDF81D0052D250 /* CGBaseTextField.h */,
				D64B86771AEDF81D0052D250 /* CGBaseTextField.m */,
				D6B395E21AF71DAB00FC87BE /* CGPlaceholderTextView.h */,
				D6B395E31AF71DAB00FC87BE /* CGPlaceholderTextView.m */,
			);
			path = CGTextField;
			sourceTree = "<group>";
		};
		D64B86831AEE1E950052D250 /* UIView */ = {
			isa = PBXGroup;
			children = (
				D64B86841AEE1E950052D250 /* SubCustomViewController.h */,
				D64B86851AEE1E950052D250 /* SubCustomViewController.m */,
			);
			path = UIView;
			sourceTree = "<group>";
		};
		D6957B971AFB64DA005F4F79 /* CollectionViewLayout */ = {
			isa = PBXGroup;
			children = (
				D6957B981AFB64DA005F4F79 /* CGSpringCollectionViewFlowLayout.h */,
				D6957B991AFB64DA005F4F79 /* CGSpringCollectionViewFlowLayout.m */,
			);
			path = CollectionViewLayout;
			sourceTree = "<group>";
		};
		D6B1C1771AFC565400B17280 /* CGScrollView */ = {
			isa = PBXGroup;
			children = (
				D6B1C1781AFC566C00B17280 /* CGScrollView.h */,
				D6B1C1791AFC566C00B17280 /* CGScrollView.m */,
				D6B1C17B1AFC56A800B17280 /* CGTabScrollView.h */,
				D6B1C17C1AFC56A800B17280 /* CGTabScrollView.m */,
			);
			path = CGScrollView;
			sourceTree = "<group>";
		};
		D6B395E51AF7251500FC87BE /* Text */ = {
			isa = PBXGroup;
			children = (
				D6B395E61AF7253500FC87BE /* CustomTextViewController.h */,
				D6B395E71AF7253500FC87BE /* CustomTextViewController.m */,
			);
			path = Text;
			sourceTree = "<group>";
		};
		D6EA12121AD76F25004F6D87 /* CGKit */ = {
			isa = PBXGroup;
			children = (
				D61D918E1AF0B03500A3AACF /* MacroDefinition */,
				D63A93881AEF3E050094B68E /* Foundion */,
				1867B4301AE92421006C4160 /* CreateView */,
				18D415A51ADEA19C003F4423 /* Header */,
				D6EA12131AD76F25004F6D87 /* CGView */,
				D6EA12221AD76F25004F6D87 /* PureLayout */,
				D6EA122C1AD76F25004F6D87 /* README.md */,
				D6EA122D1AD76F25004F6D87 /* UIKit */,
			);
			path = CGKit;
			sourceTree = "<group>";
		};
		D6EA12131AD76F25004F6D87 /* CGView */ = {
			isa = PBXGroup;
			children = (
				D6B1C1771AFC565400B17280 /* CGScrollView */,
				D64B86751AEDF7EE0052D250 /* CGTextField */,
				D64B866B1AEDE7E60052D250 /* CGView */,
				D6EA12141AD76F25004F6D87 /* CGImageView */,
				D6EA121B1AD76F25004F6D87 /* CGLabel */,
			);
			path = CGView;
			sourceTree = "<group>";
		};
		D6EA12141AD76F25004F6D87 /* CGImageView */ = {
			isa = PBXGroup;
			children = (
				D6EA12151AD76F25004F6D87 /* CGCropImage.h */,
				D6EA12161AD76F25004F6D87 /* CGCropImage.m */,
				D6EA12171AD76F25004F6D87 /* CGCropView.h */,
				D6EA12181AD76F25004F6D87 /* CGCropView.m */,
				D6EA12191AD76F25004F6D87 /* CGZoomImageView.h */,
				D6EA121A1AD76F25004F6D87 /* CGZoomImageView.m */,
			);
			path = CGImageView;
			sourceTree = "<group>";
		};
		D6EA121B1AD76F25004F6D87 /* CGLabel */ = {
			isa = PBXGroup;
			children = (
				D6EA121C1AD76F25004F6D87 /* CGAttributedPlaceholderLabel.h */,
				D6EA121D1AD76F25004F6D87 /* CGAttributedPlaceholderLabel.m */,
				D6EA121E1AD76F25004F6D87 /* CGPlaceholderLabel.h */,
				D6EA121F1AD76F25004F6D87 /* CGPlaceholderLabel.m */,
				D6EA12201AD76F25004F6D87 /* CGTitleLabel.h */,
				D6EA12211AD76F25004F6D87 /* CGTitleLabel.m */,
				D64B86791AEDFA4E0052D250 /* CGBaseLabel.h */,
				D64B867A1AEDFA4E0052D250 /* CGBaseLabel.m */,
				D64B867C1AEDFA740052D250 /* CGMultiLineLabel.h */,
				D64B867D1AEDFA740052D250 /* CGMultiLineLabel.m */,
			);
			path = CGLabel;
			sourceTree = "<group>";
		};
		D6EA12221AD76F25004F6D87 /* PureLayout */ = {
			isa = PBXGroup;
			children = (
				D6EA12231AD76F25004F6D87 /* ALView+PureLayout.h */,
				D6EA12241AD76F25004F6D87 /* ALView+PureLayout.m */,
				D6EA12251AD76F25004F6D87 /* NSArray+PureLayout.h */,
				D6EA12261AD76F25004F6D87 /* NSArray+PureLayout.m */,
				D6EA12271AD76F25004F6D87 /* NSLayoutConstraint+PureLayout.h */,
				D6EA12281AD76F25004F6D87 /* NSLayoutConstraint+PureLayout.m */,
				D6EA12291AD76F25004F6D87 /* PureLayout+Internal.h */,
				D6EA122A1AD76F25004F6D87 /* PureLayout.h */,
				D6EA122B1AD76F25004F6D87 /* PureLayoutDefines.h */,
			);
			path = PureLayout;
			sourceTree = "<group>";
		};
		D6EA122D1AD76F25004F6D87 /* UIKit */ = {
			isa = PBXGroup;
			children = (
				D6EA122E1AD76F25004F6D87 /* NSObject+AreaCalculate.h */,
				D6EA122F1AD76F25004F6D87 /* NSObject+AreaCalculate.m */,
				D6EA12301AD76F25004F6D87 /* UIColor+HexColor.h */,
				D6EA12311AD76F25004F6D87 /* UIColor+HexColor.m */,
				D6EA12321AD76F25004F6D87 /* UIView+AddLayoutConstraint.h */,
				D6EA12331AD76F25004F6D87 /* UIView+AddLayoutConstraint.m */,
				D6EA12341AD76F25004F6D87 /* UIView+Frame.h */,
				D6EA12351AD76F25004F6D87 /* UIView+Frame.m */,
				D6957B9B1AFB6C8F005F4F79 /* AreaEdge.h */,
				D6957B9C1AFB6C8F005F4F79 /* AreaEdge.m */,
			);
			path = UIKit;
			sourceTree = "<group>";
		};
		D6EA12461AD77020004F6D87 /* Scene */ = {
			isa = PBXGroup;
			children = (
				D6EA12471AD77020004F6D87 /* changeLanguage */,
			);
			name = Scene;
			path = HomeVC/Scene;
			sourceTree = "<group>";
		};
		D6EA12471AD77020004F6D87 /* changeLanguage */ = {
			isa = PBXGroup;
			children = (
				D6EA12481AD77020004F6D87 /* ChangeApplicationLanguage.h */,
				D6EA12491AD77020004F6D87 /* ChangeApplicationLanguage.m */,
			);
			path = changeLanguage;
			sourceTree = "<group>";
		};
		D6EA124E1AD7722F004F6D87 /* Demo */ = {
			isa = PBXGroup;
			children = (
				D61D91931AF0B41E00A3AACF /* CoreFoundtion */,
				D63A93771AEF2A6A0094B68E /* NSFoundion */,
				1867B4281AE92135006C4160 /* UIKitDemo */,
				D6EA124F1AD77234004F6D87 /* CoreAnimation */,
			);
			name = Demo;
			sourceTree = "<group>";
		};
		D6EA124F1AD77234004F6D87 /* CoreAnimation */ = {
			isa = PBXGroup;
			children = (
				D61D917F1AF0B01C00A3AACF /* 寄宿图 */,
				D61D91821AF0B01C00A3AACF /* 视觉效果 */,
				D61D91851AF0B01C00A3AACF /* 专用图层 */,
				D61D91881AF0B01C00A3AACF /* CATableViewController.h */,
				D61D91891AF0B01C00A3AACF /* CATableViewController.m */,
			);
			name = CoreAnimation;
			path = Demo/CoreAnimation;
			sourceTree = "<group>";
		};
/* End PBXGroup section */

/* Begin PBXNativeTarget section */
		18046C8D1AD6B55500AD758D /* PDPracticeDemo */ = {
			isa = PBXNativeTarget;
			buildConfigurationList = 18046CB11AD6B55500AD758D /* Build configuration list for PBXNativeTarget "PDPracticeDemo" */;
			buildPhases = (
				18046C8A1AD6B55500AD758D /* Sources */,
				18046C8B1AD6B55500AD758D /* Frameworks */,
				18046C8C1AD6B55500AD758D /* Resources */,
			);
			buildRules = (
			);
			dependencies = (
			);
			name = PDPracticeDemo;
			productName = PDPracticeDemo;
			productReference = 18046C8E1AD6B55500AD758D /* PDPracticeDemo.app */;
			productType = "com.apple.product-type.application";
		};
		18046CA61AD6B55500AD758D /* PDPracticeDemoTests */ = {
			isa = PBXNativeTarget;
			buildConfigurationList = 18046CB41AD6B55500AD758D /* Build configuration list for PBXNativeTarget "PDPracticeDemoTests" */;
			buildPhases = (
				18046CA31AD6B55500AD758D /* Sources */,
				18046CA41AD6B55500AD758D /* Frameworks */,
				18046CA51AD6B55500AD758D /* Resources */,
			);
			buildRules = (
			);
			dependencies = (
				18046CA91AD6B55500AD758D /* PBXTargetDependency */,
			);
			name = PDPracticeDemoTests;
			productName = PDPracticeDemoTests;
			productReference = 18046CA71AD6B55500AD758D /* PDPracticeDemoTests.xctest */;
			productType = "com.apple.product-type.bundle.unit-test";
		};
/* End PBXNativeTarget section */

/* Begin PBXProject section */
		18046C861AD6B55500AD758D /* Project object */ = {
			isa = PBXProject;
			attributes = {
				LastUpgradeCheck = 0610;
				ORGANIZATIONNAME = apple;
				TargetAttributes = {
					18046C8D1AD6B55500AD758D = {
						CreatedOnToolsVersion = 6.1.1;
						SystemCapabilities = {
							com.apple.BackgroundModes = {
								enabled = 1;
							};
						};
					};
					18046CA61AD6B55500AD758D = {
						CreatedOnToolsVersion = 6.1.1;
						TestTargetID = 18046C8D1AD6B55500AD758D;
					};
				};
			};
			buildConfigurationList = 18046C891AD6B55500AD758D /* Build configuration list for PBXProject "PDPracticeDemo" */;
			compatibilityVersion = "Xcode 3.2";
			developmentRegion = English;
			hasScannedForEncodings = 0;
			knownRegions = (
				en,
				Base,
			);
			mainGroup = 18046C851AD6B55500AD758D;
			productRefGroup = 18046C8F1AD6B55500AD758D /* Products */;
			projectDirPath = "";
			projectRoot = "";
			targets = (
				18046C8D1AD6B55500AD758D /* PDPracticeDemo */,
				18046CA61AD6B55500AD758D /* PDPracticeDemoTests */,
			);
		};
/* End PBXProject section */

/* Begin PBXResourcesBuildPhase section */
		18046C8C1AD6B55500AD758D /* Resources */ = {
			isa = PBXResourcesBuildPhase;
			buildActionMask = 2147483647;
			files = (
				1867B4371AE92E23006C4160 /* car_001.jpg in Resources */,
				18046CCE1AD6B82000AD758D /* Info.plist in Resources */,
				18046C9D1AD6B55500AD758D /* Main.storyboard in Resources */,
				18046CA21AD6B55500AD758D /* LaunchScreen.xib in Resources */,
				18046C9F1AD6B55500AD758D /* Images.xcassets in Resources */,
			);
			runOnlyForDeploymentPostprocessing = 0;
		};
		18046CA51AD6B55500AD758D /* Resources */ = {
			isa = PBXResourcesBuildPhase;
			buildActionMask = 2147483647;
			files = (
			);
			runOnlyForDeploymentPostprocessing = 0;
		};
/* End PBXResourcesBuildPhase section */

/* Begin PBXSourcesBuildPhase section */
		18046C8A1AD6B55500AD758D /* Sources */ = {
			isa = PBXSourcesBuildPhase;
			buildActionMask = 2147483647;
			files = (
				18046CCF1AD6B82000AD758D /* main.m in Sources */,
				D61D918A1AF0B01C00A3AACF /* BoardingMapViewController.m in Sources */,
				18046CD91AD6B91A00AD758D /* CGTableViewCell.m in Sources */,
				D6BDBE3A1AF0B5BE000307CA /* TestObject.m in Sources */,
				D67907FC1AEDD078009CAC9B /* UIButton+CreateAutoLayout.m in Sources */,
				D63A937A1AEF2A9B0094B68E /* FoundionDemoListViewController.m in Sources */,
				D63A93811AEF2E9B0094B68E /* Key-Value-ObservingUseViewController.m in Sources */,
				1867B42B1AE921AD006C4160 /* UIKitDemoViewController.m in Sources */,
				D6EA123E1AD76F25004F6D87 /* NSLayoutConstraint+PureLayout.m in Sources */,
				18046CCD1AD6B82000AD758D /* AppDelegate.m in Sources */,
				D60114BC1AF1CEC9000F9B84 /* CustomSegueViewController.m in Sources */,
				1867B42F1AE92248006C4160 /* AutoLayoutTableViewController.m in Sources */,
				D6B1C17D1AFC56A800B17280 /* CGTabScrollView.m in Sources */,
				D64B86651AEDD83A0052D250 /* UITextField+CreateAutoLayout.m in Sources */,
				D64B86621AEDD7E00052D250 /* LabelViewController.m in Sources */,
				D6EA12401AD76F25004F6D87 /* NSObject+AreaCalculate.m in Sources */,
				D6B1C17A1AFC566C00B17280 /* CGScrollView.m in Sources */,
				D64B86711AEDF5ED0052D250 /* CGTitleBaseView.m in Sources */,
				D64B866E1AEDE7F60052D250 /* CGBaseAutoLayoutView.m in Sources */,
				18046CC61AD6B81000AD758D /* CGRootNavigationController.m in Sources */,
				D62124EC1AF8BA8B008CFA72 /* DynamicsViewController.m in Sources */,
				D67907F91AEDCFD1009CAC9B /* UILabel+CreateAutoLayout.m in Sources */,
				D61D918B1AF0B01C00A3AACF /* VisualEffectViewController.m in Sources */,
				D6B395E81AF7253500FC87BE /* CustomTextViewController.m in Sources */,
				D67907FF1AEDD142009CAC9B /* UIImageView+CreateAutoLayout.m in Sources */,
				D6EA123D1AD76F25004F6D87 /* NSArray+PureLayout.m in Sources */,
				D6EA123F1AD76F25004F6D87 /* README.md in Sources */,
				D64B867E1AEDFA740052D250 /* CGMultiLineLabel.m in Sources */,
				D6189DE31AF9F736001C3E21 /* TestCollectionViewController.m in Sources */,
				D64B86741AEDF67F0052D250 /* CGTitleTextField.m in Sources */,
				D6EA124A1AD77020004F6D87 /* ChangeApplicationLanguage.m in Sources */,
				18046CC71AD6B81000AD758D /* CGRootViewController.m in Sources */,
				D64B867B1AEDFA4E0052D250 /* CGBaseLabel.m in Sources */,
				D64B86781AEDF81D0052D250 /* CGBaseTextField.m in Sources */,
				18046CD61AD6B8F500AD758D /* HomeTableViewCell.m in Sources */,
				D6EA12431AD76F25004F6D87 /* UIView+Frame.m in Sources */,
				D6EA12361AD76F25004F6D87 /* CGCropImage.m in Sources */,
				D6EA12381AD76F25004F6D87 /* CGZoomImageView.m in Sources */,
				D6B395E41AF71DAB00FC87BE /* CGPlaceholderTextView.m in Sources */,
				D63A938E1AEF3E060094B68E /* EXTScope.m in Sources */,
				D62124EF1AF8C08A008CFA72 /* DynamicsViewController+AddView.m in Sources */,
				18046CD21AD6B8AA00AD758D /* CGTableViewDataSource.m in Sources */,
				D6EA123B1AD76F25004F6D87 /* CGTitleLabel.m in Sources */,
				D64B86861AEE1E950052D250 /* SubCustomViewController.m in Sources */,
				D6EA12371AD76F25004F6D87 /* CGCropView.m in Sources */,
				D6EA123A1AD76F25004F6D87 /* CGPlaceholderLabel.m in Sources */,
				18D415A41ADE9E12003F4423 /* BaseViewController.m in Sources */,
				D61D918C1AF0B01C00A3AACF /* ProprietaryViewController.m in Sources */,
				D6EA12391AD76F25004F6D87 /* CGAttributedPlaceholderLabel.m in Sources */,
				D6EA12411AD76F25004F6D87 /* UIColor+HexColor.m in Sources */,
				D61D918D1AF0B01C00A3AACF /* CATableViewController.m in Sources */,
				D6EA123C1AD76F25004F6D87 /* ALView+PureLayout.m in Sources */,
				D6957B9D1AFB6C8F005F4F79 /* AreaEdge.m in Sources */,
				D64B86681AEDD94D0052D250 /* UIView+CreateSubAutoLayout.m in Sources */,
				D6957B9A1AFB64DA005F4F79 /* CGSpringCollectionViewFlowLayout.m in Sources */,
				D6EA12421AD76F25004F6D87 /* UIView+AddLayoutConstraint.m in Sources */,
				18046CC81AD6B81000AD758D /* CGTableViewController.m in Sources */,
				D6EA124D1AD771E9004F6D87 /* HomeViewController.m in Sources */,
				D6189DDF1AF9EBA0001C3E21 /* TestSessionViewController.m in Sources */,
			);
			runOnlyForDeploymentPostprocessing = 0;
		};
		18046CA31AD6B55500AD758D /* Sources */ = {
			isa = PBXSourcesBuildPhase;
			buildActionMask = 2147483647;
			files = (
				18046CAE1AD6B55500AD758D /* PDPracticeDemoTests.m in Sources */,
			);
			runOnlyForDeploymentPostprocessing = 0;
		};
/* End PBXSourcesBuildPhase section */

/* Begin PBXTargetDependency section */
		18046CA91AD6B55500AD758D /* PBXTargetDependency */ = {
			isa = PBXTargetDependency;
			target = 18046C8D1AD6B55500AD758D /* PDPracticeDemo */;
			targetProxy = 18046CA81AD6B55500AD758D /* PBXContainerItemProxy */;
		};
/* End PBXTargetDependency section */

/* Begin PBXVariantGroup section */
		18046C9B1AD6B55500AD758D /* Main.storyboard */ = {
			isa = PBXVariantGroup;
			children = (
				18046C9C1AD6B55500AD758D /* Base */,
			);
			name = Main.storyboard;
			sourceTree = "<group>";
		};
		18046CA01AD6B55500AD758D /* LaunchScreen.xib */ = {
			isa = PBXVariantGroup;
			children = (
				18046CA11AD6B55500AD758D /* Base */,
			);
			name = LaunchScreen.xib;
			sourceTree = "<group>";
		};
/* End PBXVariantGroup section */

/* Begin XCBuildConfiguration section */
		18046CAF1AD6B55500AD758D /* Debug */ = {
			isa = XCBuildConfiguration;
			buildSettings = {
				ALWAYS_SEARCH_USER_PATHS = NO;
				CLANG_CXX_LANGUAGE_STANDARD = "gnu++0x";
				CLANG_CXX_LIBRARY = "libc++";
				CLANG_ENABLE_MODULES = YES;
				CLANG_ENABLE_OBJC_ARC = YES;
				CLANG_WARN_BOOL_CONVERSION = YES;
				CLANG_WARN_CONSTANT_CONVERSION = YES;
				CLANG_WARN_DIRECT_OBJC_ISA_USAGE = YES_ERROR;
				CLANG_WARN_EMPTY_BODY = YES;
				CLANG_WARN_ENUM_CONVERSION = YES;
				CLANG_WARN_INT_CONVERSION = YES;
				CLANG_WARN_OBJC_ROOT_CLASS = YES_ERROR;
				CLANG_WARN_UNREACHABLE_CODE = YES;
				CLANG_WARN__DUPLICATE_METHOD_MATCH = YES;
				"CODE_SIGN_IDENTITY[sdk=iphoneos*]" = "iPhone Developer";
				COPY_PHASE_STRIP = NO;
				ENABLE_STRICT_OBJC_MSGSEND = YES;
				GCC_C_LANGUAGE_STANDARD = gnu99;
				GCC_DYNAMIC_NO_PIC = NO;
				GCC_OPTIMIZATION_LEVEL = 0;
				GCC_PREPROCESSOR_DEFINITIONS = (
					"DEBUG=1",
					"$(inherited)",
				);
				GCC_SYMBOLS_PRIVATE_EXTERN = NO;
				GCC_WARN_64_TO_32_BIT_CONVERSION = YES;
				GCC_WARN_ABOUT_RETURN_TYPE = YES_ERROR;
				GCC_WARN_UNDECLARED_SELECTOR = YES;
				GCC_WARN_UNINITIALIZED_AUTOS = YES_AGGRESSIVE;
				GCC_WARN_UNUSED_FUNCTION = YES;
				GCC_WARN_UNUSED_VARIABLE = YES;
				IPHONEOS_DEPLOYMENT_TARGET = 8.1;
				MTL_ENABLE_DEBUG_INFO = YES;
				ONLY_ACTIVE_ARCH = YES;
				SDKROOT = iphoneos;
			};
			name = Debug;
		};
		18046CB01AD6B55500AD758D /* Release */ = {
			isa = XCBuildConfiguration;
			buildSettings = {
				ALWAYS_SEARCH_USER_PATHS = NO;
				CLANG_CXX_LANGUAGE_STANDARD = "gnu++0x";
				CLANG_CXX_LIBRARY = "libc++";
				CLANG_ENABLE_MODULES = YES;
				CLANG_ENABLE_OBJC_ARC = YES;
				CLANG_WARN_BOOL_CONVERSION = YES;
				CLANG_WARN_CONSTANT_CONVERSION = YES;
				CLANG_WARN_DIRECT_OBJC_ISA_USAGE = YES_ERROR;
				CLANG_WARN_EMPTY_BODY = YES;
				CLANG_WARN_ENUM_CONVERSION = YES;
				CLANG_WARN_INT_CONVERSION = YES;
				CLANG_WARN_OBJC_ROOT_CLASS = YES_ERROR;
				CLANG_WARN_UNREACHABLE_CODE = YES;
				CLANG_WARN__DUPLICATE_METHOD_MATCH = YES;
				"CODE_SIGN_IDENTITY[sdk=iphoneos*]" = "iPhone Developer";
				COPY_PHASE_STRIP = YES;
				ENABLE_NS_ASSERTIONS = NO;
				ENABLE_STRICT_OBJC_MSGSEND = YES;
				GCC_C_LANGUAGE_STANDARD = gnu99;
				GCC_WARN_64_TO_32_BIT_CONVERSION = YES;
				GCC_WARN_ABOUT_RETURN_TYPE = YES_ERROR;
				GCC_WARN_UNDECLARED_SELECTOR = YES;
				GCC_WARN_UNINITIALIZED_AUTOS = YES_AGGRESSIVE;
				GCC_WARN_UNUSED_FUNCTION = YES;
				GCC_WARN_UNUSED_VARIABLE = YES;
				IPHONEOS_DEPLOYMENT_TARGET = 8.1;
				MTL_ENABLE_DEBUG_INFO = NO;
				SDKROOT = iphoneos;
				VALIDATE_PRODUCT = YES;
			};
			name = Release;
		};
		18046CB21AD6B55500AD758D /* Debug */ = {
			isa = XCBuildConfiguration;
			buildSettings = {
				ASSETCATALOG_COMPILER_APPICON_NAME = AppIcon;
				FRAMEWORK_SEARCH_PATHS = (
					"$(inherited)",
					"$(PROJECT_DIR)",
				);
				INFOPLIST_FILE = "$(SRCROOT)/PDPracticeDemo/Supporting Files/Info.plist";
				LD_RUNPATH_SEARCH_PATHS = "$(inherited) @executable_path/Frameworks";
				OTHER_LDFLAGS = "-ObjC";
				PRODUCT_NAME = "$(TARGET_NAME)";
				TARGETED_DEVICE_FAMILY = "1,2";
			};
			name = Debug;
		};
		18046CB31AD6B55500AD758D /* Release */ = {
			isa = XCBuildConfiguration;
			buildSettings = {
				ASSETCATALOG_COMPILER_APPICON_NAME = AppIcon;
				FRAMEWORK_SEARCH_PATHS = (
					"$(inherited)",
					"$(PROJECT_DIR)",
				);
				INFOPLIST_FILE = "$(SRCROOT)/PDPracticeDemo/Supporting Files/Info.plist";
				LD_RUNPATH_SEARCH_PATHS = "$(inherited) @executable_path/Frameworks";
				OTHER_LDFLAGS = "-ObjC";
				PRODUCT_NAME = "$(TARGET_NAME)";
				TARGETED_DEVICE_FAMILY = "1,2";
			};
			name = Release;
		};
		18046CB51AD6B55500AD758D /* Debug */ = {
			isa = XCBuildConfiguration;
			buildSettings = {
				BUNDLE_LOADER = "$(TEST_HOST)";
				FRAMEWORK_SEARCH_PATHS = (
					"$(SDKROOT)/Developer/Library/Frameworks",
					"$(inherited)",
				);
				GCC_PREPROCESSOR_DEFINITIONS = (
					"DEBUG=1",
					"$(inherited)",
				);
				INFOPLIST_FILE = PDPracticeDemoTests/Info.plist;
				LD_RUNPATH_SEARCH_PATHS = "$(inherited) @executable_path/Frameworks @loader_path/Frameworks";
				PRODUCT_NAME = "$(TARGET_NAME)";
				TEST_HOST = "$(BUILT_PRODUCTS_DIR)/PDPracticeDemo.app/PDPracticeDemo";
			};
			name = Debug;
		};
		18046CB61AD6B55500AD758D /* Release */ = {
			isa = XCBuildConfiguration;
			buildSettings = {
				BUNDLE_LOADER = "$(TEST_HOST)";
				FRAMEWORK_SEARCH_PATHS = (
					"$(SDKROOT)/Developer/Library/Frameworks",
					"$(inherited)",
				);
				INFOPLIST_FILE = PDPracticeDemoTests/Info.plist;
				LD_RUNPATH_SEARCH_PATHS = "$(inherited) @executable_path/Frameworks @loader_path/Frameworks";
				PRODUCT_NAME = "$(TARGET_NAME)";
				TEST_HOST = "$(BUILT_PRODUCTS_DIR)/PDPracticeDemo.app/PDPracticeDemo";
			};
			name = Release;
		};
/* End XCBuildConfiguration section */

/* Begin XCConfigurationList section */
		18046C891AD6B55500AD758D /* Build configuration list for PBXProject "PDPracticeDemo" */ = {
			isa = XCConfigurationList;
			buildConfigurations = (
				18046CAF1AD6B55500AD758D /* Debug */,
				18046CB01AD6B55500AD758D /* Release */,
			);
			defaultConfigurationIsVisible = 0;
			defaultConfigurationName = Release;
		};
		18046CB11AD6B55500AD758D /* Build configuration list for PBXNativeTarget "PDPracticeDemo" */ = {
			isa = XCConfigurationList;
			buildConfigurations = (
				18046CB21AD6B55500AD758D /* Debug */,
				18046CB31AD6B55500AD758D /* Release */,
			);
			defaultConfigurationIsVisible = 0;
			defaultConfigurationName = Release;
		};
		18046CB41AD6B55500AD758D /* Build configuration list for PBXNativeTarget "PDPracticeDemoTests" */ = {
			isa = XCConfigurationList;
			buildConfigurations = (
				18046CB51AD6B55500AD758D /* Debug */,
				18046CB61AD6B55500AD758D /* Release */,
			);
			defaultConfigurationIsVisible = 0;
			defaultConfigurationName = Release;
		};
/* End XCConfigurationList section */
	};
	rootObject = 18046C861AD6B55500AD758D /* Project object */;
}
